{
  "pid": 83856,
  "startedAt": "2026-03-11T22:32:18.348Z",
  "unitType": "research-slice",
  "unitId": "M002/S01",
  "unitStartedAt": "2026-03-11T22:32:18.348Z",
  "completedUnits": 0,
  "sessionFile": "/Users/omarsharaf96/.gsd/sessions/--Users-omarsharaf96-Documents-GitHub-MedArc--/2026-03-11T22-32-18-347Z_27dfd209-8ad7-4209-a8c1-5b9e0d346eff.jsonl"
}